
Microsoft Visual Studio Solution File, Format Version 12.00
# Visual Studio Version 17
VisualStudioVersion = 17.1.32328.378
MinimumVisualStudioVersion = 10.0.40219.1
Project("{FAE04EC0-301F-11D3-BF4B-00C04F79EFBC}") = "ASP_012", "ASP_012\ASP_012.csproj", "{CFB11571-A3BF-4AA3-B82F-3187056056F7}"
EndProject
Global
	GlobalSection(SolutionConfigurationPlatforms) = preSolution
		Debug|Any CPU = Debug|Any CPU
		Release|Any CPU = Release|Any CPU
	EndGlobalSection
	GlobalSection(ProjectConfigurationPlatforms) = postSolution
		{CFB11571-A3BF-4AA3-B82F-3187056056F7}.Debug|Any CPU.ActiveCfg = Debug|Any CPU
		{CFB11571-A3BF-4AA3-B82F-3187056056F7}.Debug|Any CPU.Build.0 = Debug|Any CPU
		{CFB11571-A3BF-4AA3-B82F-3187056056F7}.Release|Any CPU.ActiveCfg = Release|Any CPU
		{CFB11571-A3BF-4AA3-B82F-3187056056F7}.Release|Any CPU.Build.0 = Release|Any CPU
	EndGlobalSection
	GlobalSection(SolutionProperties) = preSolution
		HideSolutionNode = FALSE
	EndGlobalSection
	GlobalSection(ExtensibilityGlobals) = postSolution
		SolutionGuid = {37F1D72F-498B-4B82-A8D6-24047288A7E1}
	EndGlobalSection
EndGlobal
